
Microsoft Visual Studio Solution File, Format Version 12.00
# Visual Studio Version 17
VisualStudioVersion = 17.8.34525.116
MinimumVisualStudioVersion = 10.0.40219.1
Project("{FAE04EC0-301F-11D3-BF4B-00C04F79EFBC}") = "Hashing-Demo", "Hashing-Demo.csproj", "{1E489F3D-C7E7-40E9-9D71-743FB884DF04}"
EndProject
Global
	GlobalSection(SolutionConfigurationPlatforms) = preSolution
		Debug|Any CPU = Debug|Any CPU
		Release|Any CPU = Release|Any CPU
	EndGlobalSection
	GlobalSection(ProjectConfigurationPlatforms) = postSolution
		{1E489F3D-C7E7-40E9-9D71-743FB884DF04}.Debug|Any CPU.ActiveCfg = Debug|Any CPU
		{1E489F3D-C7E7-40E9-9D71-743FB884DF04}.Debug|Any CPU.Build.0 = Debug|Any CPU
		{1E489F3D-C7E7-40E9-9D71-743FB884DF04}.Release|Any CPU.ActiveCfg = Release|Any CPU
		{1E489F3D-C7E7-40E9-9D71-743FB884DF04}.Release|Any CPU.Build.0 = Release|Any CPU
	EndGlobalSection
	GlobalSection(SolutionProperties) = preSolution
		HideSolutionNode = FALSE
	EndGlobalSection
	GlobalSection(ExtensibilityGlobals) = postSolution
		SolutionGuid = {DD04816E-C603-4C52-AB41-869395FF09F5}
	EndGlobalSection
EndGlobal
