Microsoft Visual Studio Solution File, Format Version 12.00
# Visual Studio Version 17
VisualStudioVersion = 17.5.2.0
MinimumVisualStudioVersion = 10.0.40219.1
Project("{FAE04EC0-301F-11D3-BF4B-00C04F79EFBC}") = "01 - Store and Retrieve Student Grades", "01 - Store and Retrieve Student Grades\01 - Store and Retrieve Student Grades.csproj", "{F4950AC3-AAB6-E1BF-97B5-1C8FCD3834FF}"
EndProject
Global
	GlobalSection(SolutionConfigurationPlatforms) = preSolution
		Debug|Any CPU = Debug|Any CPU
		Release|Any CPU = Release|Any CPU
	EndGlobalSection
	GlobalSection(ProjectConfigurationPlatforms) = postSolution
		{F4950AC3-AAB6-E1BF-97B5-1C8FCD3834FF}.Debug|Any CPU.ActiveCfg = Debug|Any CPU
		{F4950AC3-AAB6-E1BF-97B5-1C8FCD3834FF}.Debug|Any CPU.Build.0 = Debug|Any CPU
		{F4950AC3-AAB6-E1BF-97B5-1C8FCD3834FF}.Release|Any CPU.ActiveCfg = Release|Any CPU
		{F4950AC3-AAB6-E1BF-97B5-1C8FCD3834FF}.Release|Any CPU.Build.0 = Release|Any CPU
	EndGlobalSection
	GlobalSection(SolutionProperties) = preSolution
		HideSolutionNode = FALSE
	EndGlobalSection
	GlobalSection(ExtensibilityGlobals) = postSolution
		SolutionGuid = {ED4C6F23-B963-4F6A-9DC8-66948875D585}
	EndGlobalSection
EndGlobal
